// !$*UTF8*$!
{
	archiveVersion = 1;
	classes = {
	};
	objectVersion = 56;
	objects = {

/* Begin PBXBuildFile section */
		792C395D2A41845D008D31EF /* MediaPlayerAdaptor.swift in Sources */ = {isa = PBXBuildFile; fileRef = 792C395C2A41845D008D31EF /* MediaPlayerAdaptor.swift */; };
		792C39602A41994B008D31EF /* ShapeBridge.swift in Sources */ = {isa = PBXBuildFile; fileRef = 792C395F2A41994B008D31EF /* ShapeBridge.swift */; };
		792C39632A41A662008D31EF /* CriteriaPatternSample.swift in Sources */ = {isa = PBXBuildFile; fileRef = 792C39622A41A662008D31EF /* CriteriaPatternSample.swift */; };
		7974D1982A42DD5C0054753F /* DecoratorPatternSample.swift in Sources */ = {isa = PBXBuildFile; fileRef = 7974D1972A42DD5C0054753F /* DecoratorPatternSample.swift */; };
		7974D19B2A42E6CA0054753F /* FacadePatternSample.swift in Sources */ = {isa = PBXBuildFile; fileRef = 7974D19A2A42E6CA0054753F /* FacadePatternSample.swift */; };
		799B095C2A6696FE0074EB71 /* CompositePattern.swift in Sources */ = {isa = PBXBuildFile; fileRef = 799B095B2A6696FE0074EB71 /* CompositePattern.swift */; };
		79F1409B2A24A96D005667DC /* MealBuilder.swift in Sources */ = {isa = PBXBuildFile; fileRef = 79F1409A2A24A96D005667DC /* MealBuilder.swift */; };
		79FA5C3E2A1B574B00FC96AB /* AppDelegate.swift in Sources */ = {isa = PBXBuildFile; fileRef = 79FA5C3D2A1B574B00FC96AB /* AppDelegate.swift */; };
		79FA5C422A1B574B00FC96AB /* ViewController.swift in Sources */ = {isa = PBXBuildFile; fileRef = 79FA5C412A1B574B00FC96AB /* ViewController.swift */; };
		79FA5C452A1B574B00FC96AB /* Main.storyboard in Resources */ = {isa = PBXBuildFile; fileRef = 79FA5C432A1B574B00FC96AB /* Main.storyboard */; };
		79FA5C472A1B574C00FC96AB /* Assets.xcassets in Resources */ = {isa = PBXBuildFile; fileRef = 79FA5C462A1B574C00FC96AB /* Assets.xcassets */; };
		79FA5C4A2A1B574C00FC96AB /* LaunchScreen.storyboard in Resources */ = {isa = PBXBuildFile; fileRef = 79FA5C482A1B574C00FC96AB /* LaunchScreen.storyboard */; };
		79FA5C572A1B5D5E00FC96AB /* ShapeFactory.swift in Sources */ = {isa = PBXBuildFile; fileRef = 79FA5C562A1B5D5E00FC96AB /* ShapeFactory.swift */; };
		79FA5C592A1B737200FC96AB /* AbstractFactory.swift in Sources */ = {isa = PBXBuildFile; fileRef = 79FA5C582A1B737200FC96AB /* AbstractFactory.swift */; };
/* End PBXBuildFile section */

/* Begin PBXFileReference section */
		792C395C2A41845D008D31EF /* MediaPlayerAdaptor.swift */ = {isa = PBXFileReference; lastKnownFileType = sourcecode.swift; path = MediaPlayerAdaptor.swift; sourceTree = "<group>"; };
		792C395F2A41994B008D31EF /* ShapeBridge.swift */ = {isa = PBXFileReference; lastKnownFileType = sourcecode.swift; path = ShapeBridge.swift; sourceTree = "<group>"; };
		792C39622A41A662008D31EF /* CriteriaPatternSample.swift */ = {isa = PBXFileReference; lastKnownFileType = sourcecode.swift; path = CriteriaPatternSample.swift; sourceTree = "<group>"; };
		7943A1502A4AEA72009B3617 /* README.md */ = {isa = PBXFileReference; lastKnownFileType = net.daringfireball.markdown; path = README.md; sourceTree = SOURCE_ROOT; };
		7974D1972A42DD5C0054753F /* DecoratorPatternSample.swift */ = {isa = PBXFileReference; lastKnownFileType = sourcecode.swift; path = DecoratorPatternSample.swift; sourceTree = "<group>"; };
		7974D19A2A42E6CA0054753F /* FacadePatternSample.swift */ = {isa = PBXFileReference; lastKnownFileType = sourcecode.swift; path = FacadePatternSample.swift; sourceTree = "<group>"; };
		799B09512A6690C10074EB71 /* FilterPattern.md */ = {isa = PBXFileReference; lastKnownFileType = net.daringfireball.markdown; path = FilterPattern.md; sourceTree = "<group>"; };
		799B09522A6690C10074EB71 /* FactoryPattern.md */ = {isa = PBXFileReference; lastKnownFileType = net.daringfireball.markdown; path = FactoryPattern.md; sourceTree = "<group>"; };
		799B09532A6690C10074EB71 /* FacadePattern.md */ = {isa = PBXFileReference; lastKnownFileType = net.daringfireball.markdown; path = FacadePattern.md; sourceTree = "<group>"; };
		799B09542A6690C10074EB71 /* BridgePattern.md */ = {isa = PBXFileReference; lastKnownFileType = net.daringfireball.markdown; path = BridgePattern.md; sourceTree = "<group>"; };
		799B09552A6690C10074EB71 /* BuilderPattern.md */ = {isa = PBXFileReference; lastKnownFileType = net.daringfireball.markdown; path = BuilderPattern.md; sourceTree = "<group>"; };
		799B09562A6690C10074EB71 /* AbstractFactoryPattern.md */ = {isa = PBXFileReference; lastKnownFileType = net.daringfireball.markdown; path = AbstractFactoryPattern.md; sourceTree = "<group>"; };
		799B09572A6690C10074EB71 /* DecoratorPattern.md */ = {isa = PBXFileReference; lastKnownFileType = net.daringfireball.markdown; path = DecoratorPattern.md; sourceTree = "<group>"; };
		799B09582A6690C10074EB71 /* AdaptorPattern.md */ = {isa = PBXFileReference; lastKnownFileType = net.daringfireball.markdown; path = AdaptorPattern.md; sourceTree = "<group>"; };
		799B09592A6696AA0074EB71 /* CompositePattern.md */ = {isa = PBXFileReference; lastKnownFileType = net.daringfireball.markdown; path = CompositePattern.md; sourceTree = "<group>"; };
		799B095B2A6696FE0074EB71 /* CompositePattern.swift */ = {isa = PBXFileReference; lastKnownFileType = sourcecode.swift; path = CompositePattern.swift; sourceTree = "<group>"; };
		79F1409A2A24A96D005667DC /* MealBuilder.swift */ = {isa = PBXFileReference; lastKnownFileType = sourcecode.swift; path = MealBuilder.swift; sourceTree = "<group>"; };
		79FA5C3A2A1B574B00FC96AB /* DesignPatterns.app */ = {isa = PBXFileReference; explicitFileType = wrapper.application; includeInIndex = 0; path = DesignPatterns.app; sourceTree = BUILT_PRODUCTS_DIR; };
		79FA5C3D2A1B574B00FC96AB /* AppDelegate.swift */ = {isa = PBXFileReference; lastKnownFileType = sourcecode.swift; path = AppDelegate.swift; sourceTree = "<group>"; };
		79FA5C412A1B574B00FC96AB /* ViewController.swift */ = {isa = PBXFileReference; lastKnownFileType = sourcecode.swift; path = ViewController.swift; sourceTree = "<group>"; };
		79FA5C442A1B574B00FC96AB /* Base */ = {isa = PBXFileReference; lastKnownFileType = file.storyboard; name = Base; path = Base.lproj/Main.storyboard; sourceTree = "<group>"; };
		79FA5C462A1B574C00FC96AB /* Assets.xcassets */ = {isa = PBXFileReference; lastKnownFileType = folder.assetcatalog; path = Assets.xcassets; sourceTree = "<group>"; };
		79FA5C492A1B574C00FC96AB /* Base */ = {isa = PBXFileReference; lastKnownFileType = file.storyboard; name = Base; path = Base.lproj/LaunchScreen.storyboard; sourceTree = "<group>"; };
		79FA5C4B2A1B574C00FC96AB /* Info.plist */ = {isa = PBXFileReference; lastKnownFileType = text.plist.xml; path = Info.plist; sourceTree = "<group>"; };
		79FA5C562A1B5D5E00FC96AB /* ShapeFactory.swift */ = {isa = PBXFileReference; lastKnownFileType = sourcecode.swift; path = ShapeFactory.swift; sourceTree = "<group>"; };
		79FA5C582A1B737200FC96AB /* AbstractFactory.swift */ = {isa = PBXFileReference; lastKnownFileType = sourcecode.swift; path = AbstractFactory.swift; sourceTree = "<group>"; };
/* End PBXFileReference section */

/* Begin PBXFrameworksBuildPhase section */
		79FA5C372A1B574B00FC96AB /* Frameworks */ = {
			isa = PBXFrameworksBuildPhase;
			buildActionMask = 2147483647;
			files = (
			);
			runOnlyForDeploymentPostprocessing = 0;
		};
/* End PBXFrameworksBuildPhase section */

/* Begin PBXGroup section */
		792C395B2A4181DE008D31EF /* AdaptorPattern */ = {
			isa = PBXGroup;
			children = (
				792C395C2A41845D008D31EF /* MediaPlayerAdaptor.swift */,
			);
			path = AdaptorPattern;
			sourceTree = "<group>";
		};
		792C395E2A419914008D31EF /* BridgePattern */ = {
			isa = PBXGroup;
			children = (
				792C395F2A41994B008D31EF /* ShapeBridge.swift */,
			);
			path = BridgePattern;
			sourceTree = "<group>";
		};
		792C39612A41A5CF008D31EF /* FilterPattern */ = {
			isa = PBXGroup;
			children = (
				792C39622A41A662008D31EF /* CriteriaPatternSample.swift */,
			);
			path = FilterPattern;
			sourceTree = "<group>";
		};
		7943A14F2A4AEA56009B3617 /* Document */ = {
			isa = PBXGroup;
			children = (
				799B09562A6690C10074EB71 /* AbstractFactoryPattern.md */,
				799B09582A6690C10074EB71 /* AdaptorPattern.md */,
				799B09542A6690C10074EB71 /* BridgePattern.md */,
				799B09552A6690C10074EB71 /* BuilderPattern.md */,
				799B09592A6696AA0074EB71 /* CompositePattern.md */,
				799B09572A6690C10074EB71 /* DecoratorPattern.md */,
				799B09532A6690C10074EB71 /* FacadePattern.md */,
				799B09522A6690C10074EB71 /* FactoryPattern.md */,
				799B09512A6690C10074EB71 /* FilterPattern.md */,
			);
			path = Document;
			sourceTree = "<group>";
		};
		7974D1962A42DD1C0054753F /* DecoratorPattern */ = {
			isa = PBXGroup;
			children = (
				7974D1972A42DD5C0054753F /* DecoratorPatternSample.swift */,
			);
			path = DecoratorPattern;
			sourceTree = "<group>";
		};
		7974D1992A42E6AB0054753F /* FacadePattern */ = {
			isa = PBXGroup;
			children = (
				7974D19A2A42E6CA0054753F /* FacadePatternSample.swift */,
			);
			path = FacadePattern;
			sourceTree = "<group>";
		};
		799B095A2A6696EE0074EB71 /* CompositePattern */ = {
			isa = PBXGroup;
			children = (
				799B095B2A6696FE0074EB71 /* CompositePattern.swift */,
			);
			path = CompositePattern;
			sourceTree = "<group>";
		};
		79F140992A24A8FE005667DC /* BuilderPattern */ = {
			isa = PBXGroup;
			children = (
				79F1409A2A24A96D005667DC /* MealBuilder.swift */,
			);
			path = BuilderPattern;
			sourceTree = "<group>";
		};
		79FA5C312A1B574B00FC96AB = {
			isa = PBXGroup;
			children = (
				79FA5C3C2A1B574B00FC96AB /* DesignPatterns */,
				7943A14F2A4AEA56009B3617 /* Document */,
				79FA5C3B2A1B574B00FC96AB /* Products */,
				7943A1502A4AEA72009B3617 /* README.md */,
			);
			sourceTree = "<group>";
		};
		79FA5C3B2A1B574B00FC96AB /* Products */ = {
			isa = PBXGroup;
			children = (
				79FA5C3A2A1B574B00FC96AB /* DesignPatterns.app */,
			);
			name = Products;
			sourceTree = "<group>";
		};
		79FA5C3C2A1B574B00FC96AB /* DesignPatterns */ = {
			isa = PBXGroup;
			children = (
				79FA5C3D2A1B574B00FC96AB /* AppDelegate.swift */,
				79FA5C462A1B574C00FC96AB /* Assets.xcassets */,
				79FA5C542A1B5A9F00FC96AB /* Classes */,
				79FA5C4B2A1B574C00FC96AB /* Info.plist */,
				79FA5C482A1B574C00FC96AB /* LaunchScreen.storyboard */,
				79FA5C432A1B574B00FC96AB /* Main.storyboard */,
				79FA5C412A1B574B00FC96AB /* ViewController.swift */,
			);
			path = DesignPatterns;
			sourceTree = "<group>";
		};
		79FA5C542A1B5A9F00FC96AB /* Classes */ = {
			isa = PBXGroup;
			children = (
				792C395B2A4181DE008D31EF /* AdaptorPattern */,
				792C395E2A419914008D31EF /* BridgePattern */,
				79F140992A24A8FE005667DC /* BuilderPattern */,
				799B095A2A6696EE0074EB71 /* CompositePattern */,
				7974D1962A42DD1C0054753F /* DecoratorPattern */,
				7974D1992A42E6AB0054753F /* FacadePattern */,
				79FA5C552A1B5A9F00FC96AB /* FactoryPattern */,
				792C39612A41A5CF008D31EF /* FilterPattern */,
			);
			path = Classes;
			sourceTree = "<group>";
		};
		79FA5C552A1B5A9F00FC96AB /* FactoryPattern */ = {
			isa = PBXGroup;
			children = (
				79FA5C582A1B737200FC96AB /* AbstractFactory.swift */,
				79FA5C562A1B5D5E00FC96AB /* ShapeFactory.swift */,
			);
			path = FactoryPattern;
			sourceTree = "<group>";
		};
/* End PBXGroup section */

/* Begin PBXNativeTarget section */
		79FA5C392A1B574B00FC96AB /* DesignPatterns */ = {
			isa = PBXNativeTarget;
			buildConfigurationList = 79FA5C4E2A1B574C00FC96AB /* Build configuration list for PBXNativeTarget "DesignPatterns" */;
			buildPhases = (
				79FA5C362A1B574B00FC96AB /* Sources */,
				79FA5C372A1B574B00FC96AB /* Frameworks */,
				79FA5C382A1B574B00FC96AB /* Resources */,
			);
			buildRules = (
			);
			dependencies = (
			);
			name = DesignPatterns;
			productName = DesignPatterns;
			productReference = 79FA5C3A2A1B574B00FC96AB /* DesignPatterns.app */;
			productType = "com.apple.product-type.application";
		};
/* End PBXNativeTarget section */

/* Begin PBXProject section */
		79FA5C322A1B574B00FC96AB /* Project object */ = {
			isa = PBXProject;
			attributes = {
				BuildIndependentTargetsInParallel = 1;
				LastSwiftUpdateCheck = 1420;
				LastUpgradeCheck = 1420;
				TargetAttributes = {
					79FA5C392A1B574B00FC96AB = {
						CreatedOnToolsVersion = 14.2;
					};
				};
			};
			buildConfigurationList = 79FA5C352A1B574B00FC96AB /* Build configuration list for PBXProject "DesignPatterns" */;
			compatibilityVersion = "Xcode 14.0";
			developmentRegion = en;
			hasScannedForEncodings = 0;
			knownRegions = (
				en,
				Base,
			);
			mainGroup = 79FA5C312A1B574B00FC96AB;
			productRefGroup = 79FA5C3B2A1B574B00FC96AB /* Products */;
			projectDirPath = "";
			projectRoot = "";
			targets = (
				79FA5C392A1B574B00FC96AB /* DesignPatterns */,
			);
		};
/* End PBXProject section */

/* Begin PBXResourcesBuildPhase section */
		79FA5C382A1B574B00FC96AB /* Resources */ = {
			isa = PBXResourcesBuildPhase;
			buildActionMask = 2147483647;
			files = (
				79FA5C4A2A1B574C00FC96AB /* LaunchScreen.storyboard in Resources */,
				79FA5C472A1B574C00FC96AB /* Assets.xcassets in Resources */,
				79FA5C452A1B574B00FC96AB /* Main.storyboard in Resources */,
			);
			runOnlyForDeploymentPostprocessing = 0;
		};
/* End PBXResourcesBuildPhase section */

/* Begin PBXSourcesBuildPhase section */
		79FA5C362A1B574B00FC96AB /* Sources */ = {
			isa = PBXSourcesBuildPhase;
			buildActionMask = 2147483647;
			files = (
				79FA5C592A1B737200FC96AB /* AbstractFactory.swift in Sources */,
				792C39632A41A662008D31EF /* CriteriaPatternSample.swift in Sources */,
				7974D19B2A42E6CA0054753F /* FacadePatternSample.swift in Sources */,
				79F1409B2A24A96D005667DC /* MealBuilder.swift in Sources */,
				7974D1982A42DD5C0054753F /* DecoratorPatternSample.swift in Sources */,
				792C39602A41994B008D31EF /* ShapeBridge.swift in Sources */,
				79FA5C422A1B574B00FC96AB /* ViewController.swift in Sources */,
				79FA5C3E2A1B574B00FC96AB /* AppDelegate.swift in Sources */,
				79FA5C572A1B5D5E00FC96AB /* ShapeFactory.swift in Sources */,
				792C395D2A41845D008D31EF /* MediaPlayerAdaptor.swift in Sources */,
				799B095C2A6696FE0074EB71 /* CompositePattern.swift in Sources */,
			);
			runOnlyForDeploymentPostprocessing = 0;
		};
/* End PBXSourcesBuildPhase section */

/* Begin PBXVariantGroup section */
		79FA5C432A1B574B00FC96AB /* Main.storyboard */ = {
			isa = PBXVariantGroup;
			children = (
				79FA5C442A1B574B00FC96AB /* Base */,
			);
			name = Main.storyboard;
			sourceTree = "<group>";
		};
		79FA5C482A1B574C00FC96AB /* LaunchScreen.storyboard */ = {
			isa = PBXVariantGroup;
			children = (
				79FA5C492A1B574C00FC96AB /* Base */,
			);
			name = LaunchScreen.storyboard;
			sourceTree = "<group>";
		};
/* End PBXVariantGroup section */

/* Begin XCBuildConfiguration section */
		79FA5C4C2A1B574C00FC96AB /* Debug */ = {
			isa = XCBuildConfiguration;
			buildSettings = {
				ALWAYS_SEARCH_USER_PATHS = NO;
				CLANG_ANALYZER_NONNULL = YES;
				CLANG_ANALYZER_NUMBER_OBJECT_CONVERSION = YES_AGGRESSIVE;
				CLANG_CXX_LANGUAGE_STANDARD = "gnu++20";
				CLANG_ENABLE_MODULES = YES;
				CLANG_ENABLE_OBJC_ARC = YES;
				CLANG_ENABLE_OBJC_WEAK = YES;
				CLANG_WARN_BLOCK_CAPTURE_AUTORELEASING = YES;
				CLANG_WARN_BOOL_CONVERSION = YES;
				CLANG_WARN_COMMA = YES;
				CLANG_WARN_CONSTANT_CONVERSION = YES;
				CLANG_WARN_DEPRECATED_OBJC_IMPLEMENTATIONS = YES;
				CLANG_WARN_DIRECT_OBJC_ISA_USAGE = YES_ERROR;
				CLANG_WARN_DOCUMENTATION_COMMENTS = YES;
				CLANG_WARN_EMPTY_BODY = YES;
				CLANG_WARN_ENUM_CONVERSION = YES;
				CLANG_WARN_INFINITE_RECURSION = YES;
				CLANG_WARN_INT_CONVERSION = YES;
				CLANG_WARN_NON_LITERAL_NULL_CONVERSION = YES;
				CLANG_WARN_OBJC_IMPLICIT_RETAIN_SELF = YES;
				CLANG_WARN_OBJC_LITERAL_CONVERSION = YES;
				CLANG_WARN_OBJC_ROOT_CLASS = YES_ERROR;
				CLANG_WARN_QUOTED_INCLUDE_IN_FRAMEWORK_HEADER = YES;
				CLANG_WARN_RANGE_LOOP_ANALYSIS = YES;
				CLANG_WARN_STRICT_PROTOTYPES = YES;
				CLANG_WARN_SUSPICIOUS_MOVE = YES;
				CLANG_WARN_UNGUARDED_AVAILABILITY = YES_AGGRESSIVE;
				CLANG_WARN_UNREACHABLE_CODE = YES;
				CLANG_WARN__DUPLICATE_METHOD_MATCH = YES;
				COPY_PHASE_STRIP = NO;
				DEBUG_INFORMATION_FORMAT = dwarf;
				ENABLE_STRICT_OBJC_MSGSEND = YES;
				ENABLE_TESTABILITY = YES;
				GCC_C_LANGUAGE_STANDARD = gnu11;
				GCC_DYNAMIC_NO_PIC = NO;
				GCC_NO_COMMON_BLOCKS = YES;
				GCC_OPTIMIZATION_LEVEL = 0;
				GCC_PREPROCESSOR_DEFINITIONS = (
					"DEBUG=1",
					"$(inherited)",
				);
				GCC_WARN_64_TO_32_BIT_CONVERSION = YES;
				GCC_WARN_ABOUT_RETURN_TYPE = YES_ERROR;
				GCC_WARN_UNDECLARED_SELECTOR = YES;
				GCC_WARN_UNINITIALIZED_AUTOS = YES_AGGRESSIVE;
				GCC_WARN_UNUSED_FUNCTION = YES;
				GCC_WARN_UNUSED_VARIABLE = YES;
				IPHONEOS_DEPLOYMENT_TARGET = 11.0;
				MTL_ENABLE_DEBUG_INFO = INCLUDE_SOURCE;
				MTL_FAST_MATH = YES;
				ONLY_ACTIVE_ARCH = YES;
				SDKROOT = iphoneos;
				SWIFT_ACTIVE_COMPILATION_CONDITIONS = DEBUG;
				SWIFT_OPTIMIZATION_LEVEL = "-Onone";
			};
			name = Debug;
		};
		79FA5C4D2A1B574C00FC96AB /* Release */ = {
			isa = XCBuildConfiguration;
			buildSettings = {
				ALWAYS_SEARCH_USER_PATHS = NO;
				CLANG_ANALYZER_NONNULL = YES;
				CLANG_ANALYZER_NUMBER_OBJECT_CONVERSION = YES_AGGRESSIVE;
				CLANG_CXX_LANGUAGE_STANDARD = "gnu++20";
				CLANG_ENABLE_MODULES = YES;
				CLANG_ENABLE_OBJC_ARC = YES;
				CLANG_ENABLE_OBJC_WEAK = YES;
				CLANG_WARN_BLOCK_CAPTURE_AUTORELEASING = YES;
				CLANG_WARN_BOOL_CONVERSION = YES;
				CLANG_WARN_COMMA = YES;
				CLANG_WARN_CONSTANT_CONVERSION = YES;
				CLANG_WARN_DEPRECATED_OBJC_IMPLEMENTATIONS = YES;
				CLANG_WARN_DIRECT_OBJC_ISA_USAGE = YES_ERROR;
				CLANG_WARN_DOCUMENTATION_COMMENTS = YES;
				CLANG_WARN_EMPTY_BODY = YES;
				CLANG_WARN_ENUM_CONVERSION = YES;
				CLANG_WARN_INFINITE_RECURSION = YES;
				CLANG_WARN_INT_CONVERSION = YES;
				CLANG_WARN_NON_LITERAL_NULL_CONVERSION = YES;
				CLANG_WARN_OBJC_IMPLICIT_RETAIN_SELF = YES;
				CLANG_WARN_OBJC_LITERAL_CONVERSION = YES;
				CLANG_WARN_OBJC_ROOT_CLASS = YES_ERROR;
				CLANG_WARN_QUOTED_INCLUDE_IN_FRAMEWORK_HEADER = YES;
				CLANG_WARN_RANGE_LOOP_ANALYSIS = YES;
				CLANG_WARN_STRICT_PROTOTYPES = YES;
				CLANG_WARN_SUSPICIOUS_MOVE = YES;
				CLANG_WARN_UNGUARDED_AVAILABILITY = YES_AGGRESSIVE;
				CLANG_WARN_UNREACHABLE_CODE = YES;
				CLANG_WARN__DUPLICATE_METHOD_MATCH = YES;
				COPY_PHASE_STRIP = NO;
				DEBUG_INFORMATION_FORMAT = "dwarf-with-dsym";
				ENABLE_NS_ASSERTIONS = NO;
				ENABLE_STRICT_OBJC_MSGSEND = YES;
				GCC_C_LANGUAGE_STANDARD = gnu11;
				GCC_NO_COMMON_BLOCKS = YES;
				GCC_WARN_64_TO_32_BIT_CONVERSION = YES;
				GCC_WARN_ABOUT_RETURN_TYPE = YES_ERROR;
				GCC_WARN_UNDECLARED_SELECTOR = YES;
				GCC_WARN_UNINITIALIZED_AUTOS = YES_AGGRESSIVE;
				GCC_WARN_UNUSED_FUNCTION = YES;
				GCC_WARN_UNUSED_VARIABLE = YES;
				IPHONEOS_DEPLOYMENT_TARGET = 11.0;
				MTL_ENABLE_DEBUG_INFO = NO;
				MTL_FAST_MATH = YES;
				SDKROOT = iphoneos;
				SWIFT_COMPILATION_MODE = wholemodule;
				SWIFT_OPTIMIZATION_LEVEL = "-O";
				VALIDATE_PRODUCT = YES;
			};
			name = Release;
		};
		79FA5C4F2A1B574C00FC96AB /* Debug */ = {
			isa = XCBuildConfiguration;
			buildSettings = {
				ASSETCATALOG_COMPILER_APPICON_NAME = AppIcon;
				ASSETCATALOG_COMPILER_GLOBAL_ACCENT_COLOR_NAME = AccentColor;
				CODE_SIGN_STYLE = Automatic;
				CURRENT_PROJECT_VERSION = 1;
				GENERATE_INFOPLIST_FILE = YES;
				INFOPLIST_FILE = DesignPatterns/Info.plist;
				INFOPLIST_KEY_UIApplicationSupportsIndirectInputEvents = YES;
				INFOPLIST_KEY_UILaunchStoryboardName = LaunchScreen;
				INFOPLIST_KEY_UIMainStoryboardFile = Main;
				INFOPLIST_KEY_UISupportedInterfaceOrientations = UIInterfaceOrientationPortrait;
				INFOPLIST_KEY_UISupportedInterfaceOrientations_iPad = "UIInterfaceOrientationLandscapeLeft UIInterfaceOrientationLandscapeRight UIInterfaceOrientationPortrait UIInterfaceOrientationPortraitUpsideDown";
				LD_RUNPATH_SEARCH_PATHS = (
					"$(inherited)",
					"@executable_path/Frameworks",
				);
				MARKETING_VERSION = 1.0;
				PRODUCT_BUNDLE_IDENTIFIER = com.cx.DesignPatterns;
				PRODUCT_NAME = "$(TARGET_NAME)";
				SWIFT_EMIT_LOC_STRINGS = YES;
				SWIFT_VERSION = 5.0;
				TARGETED_DEVICE_FAMILY = "1,2";
			};
			name = Debug;
		};
		79FA5C502A1B574C00FC96AB /* Release */ = {
			isa = XCBuildConfiguration;
			buildSettings = {
				ASSETCATALOG_COMPILER_APPICON_NAME = AppIcon;
				ASSETCATALOG_COMPILER_GLOBAL_ACCENT_COLOR_NAME = AccentColor;
				CODE_SIGN_STYLE = Automatic;
				CURRENT_PROJECT_VERSION = 1;
				GENERATE_INFOPLIST_FILE = YES;
				INFOPLIST_FILE = DesignPatterns/Info.plist;
				INFOPLIST_KEY_UIApplicationSupportsIndirectInputEvents = YES;
				INFOPLIST_KEY_UILaunchStoryboardName = LaunchScreen;
				INFOPLIST_KEY_UIMainStoryboardFile = Main;
				INFOPLIST_KEY_UISupportedInterfaceOrientations = UIInterfaceOrientationPortrait;
				INFOPLIST_KEY_UISupportedInterfaceOrientations_iPad = "UIInterfaceOrientationLandscapeLeft UIInterfaceOrientationLandscapeRight UIInterfaceOrientationPortrait UIInterfaceOrientationPortraitUpsideDown";
				LD_RUNPATH_SEARCH_PATHS = (
					"$(inherited)",
					"@executable_path/Frameworks",
				);
				MARKETING_VERSION = 1.0;
				PRODUCT_BUNDLE_IDENTIFIER = com.cx.DesignPatterns;
				PRODUCT_NAME = "$(TARGET_NAME)";
				SWIFT_EMIT_LOC_STRINGS = YES;
				SWIFT_VERSION = 5.0;
				TARGETED_DEVICE_FAMILY = "1,2";
			};
			name = Release;
		};
/* End XCBuildConfiguration section */

/* Begin XCConfigurationList section */
		79FA5C352A1B574B00FC96AB /* Build configuration list for PBXProject "DesignPatterns" */ = {
			isa = XCConfigurationList;
			buildConfigurations = (
				79FA5C4C2A1B574C00FC96AB /* Debug */,
				79FA5C4D2A1B574C00FC96AB /* Release */,
			);
			defaultConfigurationIsVisible = 0;
			defaultConfigurationName = Release;
		};
		79FA5C4E2A1B574C00FC96AB /* Build configuration list for PBXNativeTarget "DesignPatterns" */ = {
			isa = XCConfigurationList;
			buildConfigurations = (
				79FA5C4F2A1B574C00FC96AB /* Debug */,
				79FA5C502A1B574C00FC96AB /* Release */,
			);
			defaultConfigurationIsVisible = 0;
			defaultConfigurationName = Release;
		};
/* End XCConfigurationList section */
	};
	rootObject = 79FA5C322A1B574B00FC96AB /* Project object */;
}
